<?xml version="1.0" encoding="UTF-8" standalone="yes" ?>
<CodeBlocks_project_file>
	<FileVersion major="1" minor="6" />
	<Project>
		<Option title="Hangman" />
		<Option pch_mode="2" />
		<Option compiler="gcc" />
		<Build>
			<Target title="Debug">
				<Option output="bin/Debug/Hangman" prefix_auto="1" extension_auto="1" />
				<Option object_output="obj/Debug/" />
				<Option type="1" />
				<Option compiler="gcc" />
				<Compiler>
					<Add option="-g" />
					<Add directory="src/gameobjects/graphics" />
				</Compiler>
			</Target>
			<Target title="Release">
				<Option output="bin/Release/Hangman" prefix_auto="1" extension_auto="1" />
				<Option object_output="obj/Release/" />
				<Option type="1" />
				<Option compiler="gcc" />
				<Compiler>
					<Add option="-O2" />
					<Add directory="src/gameobjects/graphics" />
				</Compiler>
				<Linker>
					<Add option="-s" />
				</Linker>
			</Target>
		</Build>
		<Compiler>
			<Add option="-Wall" />
			<Add directory="lib/include" />
		</Compiler>
		<Linker>
			<Add library="lib\bin\allegro-5.0.10-monolith-md.dll" />
			<Add directory="lib/bin" />
		</Linker>
		<Unit filename="src/gameobjects/gameobject.h" />
		<Unit filename="src/gameobjects/graphics/sprite.cpp" />
		<Unit filename="src/gameobjects/graphics/sprite.h" />
		<Unit filename="src/gameobjects/ui/button.cpp" />
		<Unit filename="src/gameobjects/ui/button.h" />
		<Unit filename="src/main.cpp" />
		<Unit filename="src/scenes/game.cpp" />
		<Unit filename="src/scenes/game.h" />
		<Unit filename="src/scenes/help.cpp" />
		<Unit filename="src/scenes/help.h" />
		<Unit filename="src/scenes/mainmenu.cpp" />
		<Unit filename="src/scenes/mainmenu.h" />
		<Unit filename="src/scenes/scene.h" />
		<Unit filename="src/util/assetmanager.cpp" />
		<Unit filename="src/util/assetmanager.h" />
		<Extensions>
			<code_completion />
			<envvars />
			<debugger />
			<lib_finder disable_auto="1" />
		</Extensions>
	</Project>
</CodeBlocks_project_file>
